# This file was autogenerated by Stack.
# You should not edit this file by hand.
# For more information, please see the documentation at:
#   https://docs.haskellstack.org/en/stable/lock_files

packages:
- completed:
    hackage: tasty-1.5@sha256:2dc91101339814be9913846ca8c424d1c3eccfefb27c6335f3fea2af40a3d2e4,2870
    pantry-tree:
      sha256: 0a7c186a9aab2f01a3bcdfad12f107e07ca2c414e93266d883ec770616f79448
      size: 1944
  original:
    hackage: tasty-1.5
- completed:
    hackage: tasty-quickcheck-0.10.3@sha256:5388241ade0d14ae9b7885887ded6622b0c89dbda369c6e55f14f1acbf3f6566,1864
    pantry-tree:
      sha256: 0174d5a932be9d0e78513c245a687fe842dc8e03f68bda3b4d9b974bfa9bc99b
      size: 332
  original:
    hackage: tasty-quickcheck-0.10.3
snapshots:
- completed:
    sha256: a81fb3877c4f9031e1325eb3935122e608d80715dc16b586eb11ddbff8671ecd
    size: 640086
    url: https://raw.githubusercontent.com/commercialhaskell/stackage-snapshots/master/lts/21/25.yaml
  original:
    url: https://raw.githubusercontent.com/commercialhaskell/stackage-snapshots/master/lts/21/25.yaml
